
Microsoft Visual Studio Solution File, Format Version 12.00
# Visual Studio 15
VisualStudioVersion = 15.0.27703.2026
MinimumVisualStudioVersion = 10.0.40219.1
Project("{FAE04EC0-301F-11D3-BF4B-00C04F79EFBC}") = "DeckOfCards", "DeckOfCards\DeckOfCards.csproj", "{68B79732-D923-4C92-9592-0D4D54DE78C1}"
EndProject
Project("{FAE04EC0-301F-11D3-BF4B-00C04F79EFBC}") = "DeckOfCardsUnitTests", "DeckOfCardsUnitTests\DeckOfCardsUnitTests.csproj", "{0CBFE81D-87D6-4C68-BB0F-8F01E718422B}"
EndProject
Global
	GlobalSection(SolutionConfigurationPlatforms) = preSolution
		Debug|Any CPU = Debug|Any CPU
		Release|Any CPU = Release|Any CPU
	EndGlobalSection
	GlobalSection(ProjectConfigurationPlatforms) = postSolution
		{68B79732-D923-4C92-9592-0D4D54DE78C1}.Debug|Any CPU.ActiveCfg = Debug|Any CPU
		{68B79732-D923-4C92-9592-0D4D54DE78C1}.Debug|Any CPU.Build.0 = Debug|Any CPU
		{68B79732-D923-4C92-9592-0D4D54DE78C1}.Release|Any CPU.ActiveCfg = Release|Any CPU
		{68B79732-D923-4C92-9592-0D4D54DE78C1}.Release|Any CPU.Build.0 = Release|Any CPU
		{0CBFE81D-87D6-4C68-BB0F-8F01E718422B}.Debug|Any CPU.ActiveCfg = Debug|Any CPU
		{0CBFE81D-87D6-4C68-BB0F-8F01E718422B}.Debug|Any CPU.Build.0 = Debug|Any CPU
		{0CBFE81D-87D6-4C68-BB0F-8F01E718422B}.Release|Any CPU.ActiveCfg = Release|Any CPU
		{0CBFE81D-87D6-4C68-BB0F-8F01E718422B}.Release|Any CPU.Build.0 = Release|Any CPU
	EndGlobalSection
	GlobalSection(SolutionProperties) = preSolution
		HideSolutionNode = FALSE
	EndGlobalSection
	GlobalSection(ExtensibilityGlobals) = postSolution
		SolutionGuid = {BB6C6DC7-F48F-4E7B-B512-EC992B8EE1EC}
	EndGlobalSection
EndGlobal
